
Microsoft Visual Studio Solution File, Format Version 12.00
# Visual Studio 15
VisualStudioVersion = 15.0.28307.852
MinimumVisualStudioVersion = 10.0.40219.1
Project("{FAE04EC0-301F-11D3-BF4B-00C04F79EFBC}") = "is", "is\is.csproj", "{AB71040F-86E0-4DDC-AEBE-1E6A1D45319A}"
EndProject
Global
	GlobalSection(SolutionConfigurationPlatforms) = preSolution
		Debug|Any CPU = Debug|Any CPU
		Release|Any CPU = Release|Any CPU
	EndGlobalSection
	GlobalSection(ProjectConfigurationPlatforms) = postSolution
		{AB71040F-86E0-4DDC-AEBE-1E6A1D45319A}.Debug|Any CPU.ActiveCfg = Debug|Any CPU
		{AB71040F-86E0-4DDC-AEBE-1E6A1D45319A}.Debug|Any CPU.Build.0 = Debug|Any CPU
		{AB71040F-86E0-4DDC-AEBE-1E6A1D45319A}.Release|Any CPU.ActiveCfg = Release|Any CPU
		{AB71040F-86E0-4DDC-AEBE-1E6A1D45319A}.Release|Any CPU.Build.0 = Release|Any CPU
	EndGlobalSection
	GlobalSection(SolutionProperties) = preSolution
		HideSolutionNode = FALSE
	EndGlobalSection
	GlobalSection(ExtensibilityGlobals) = postSolution
		SolutionGuid = {6C133D2F-11D6-434F-B4E6-AFDD3325B4C6}
	EndGlobalSection
EndGlobal
